
Microsoft Visual Studio Solution File, Format Version 12.00
# Visual Studio 15
VisualStudioVersion = 15.0.27428.2002
MinimumVisualStudioVersion = 10.0.40219.1
Project("{FAE04EC0-301F-11D3-BF4B-00C04F79EFBC}") = "GameHost", "GameHost\GameHost.csproj", "{EFDE9367-67BC-48BB-ADB9-E9B2A6C7C0A7}"
EndProject
Global
	GlobalSection(SolutionConfigurationPlatforms) = preSolution
		Debug|Any CPU = Debug|Any CPU
		Release|Any CPU = Release|Any CPU
	EndGlobalSection
	GlobalSection(ProjectConfigurationPlatforms) = postSolution
		{EFDE9367-67BC-48BB-ADB9-E9B2A6C7C0A7}.Debug|Any CPU.ActiveCfg = Debug|Any CPU
		{EFDE9367-67BC-48BB-ADB9-E9B2A6C7C0A7}.Debug|Any CPU.Build.0 = Debug|Any CPU
		{EFDE9367-67BC-48BB-ADB9-E9B2A6C7C0A7}.Release|Any CPU.ActiveCfg = Release|Any CPU
		{EFDE9367-67BC-48BB-ADB9-E9B2A6C7C0A7}.Release|Any CPU.Build.0 = Release|Any CPU
	EndGlobalSection
	GlobalSection(SolutionProperties) = preSolution
		HideSolutionNode = FALSE
	EndGlobalSection
	GlobalSection(ExtensibilityGlobals) = postSolution
		SolutionGuid = {51399782-0594-4F8F-92C6-B8DCD87CFEE2}
	EndGlobalSection
EndGlobal
